
Microsoft Visual Studio Solution File, Format Version 12.00
# Visual Studio Version 17
VisualStudioVersion = 17.0.31512.422
MinimumVisualStudioVersion = 10.0.40219.1
Project("{2150E333-8FDC-42A3-9474-1A3956D46DE8}") = "Sample", "Sample", "{8202DDB8-391D-4470-A64C-036F0BF2A61D}"
EndProject
Project("{2150E333-8FDC-42A3-9474-1A3956D46DE8}") = "Sources", "Sources", "{D1C1BB1C-3D10-4FBF-B57A-428B318846F4}"
EndProject
Project("{2150E333-8FDC-42A3-9474-1A3956D46DE8}") = "UnitTest", "UnitTest", "{C76F789C-444F-4597-BF4B-FF317551320C}"
EndProject
Project("{9A19103F-16F7-4668-BE54-9A1E7A4F7556}") = "Nivaes.App.Cross", "Nivaes.App.Cross\Nivaes.App.Cross.csproj", "{0760352A-6C2D-4F4D-8F9B-05E3FAA74F91}"
EndProject
Project("{2150E333-8FDC-42A3-9474-1A3956D46DE8}") = "Solution Items", "Solution Items", "{61E2C9EB-E11B-44AB-8E83-89559C586D2E}"
	ProjectSection(SolutionItems) = preProject
		.editorconfig = .editorconfig
		.gitattributes = .gitattributes
		.gitignore = .gitignore
		Directory.Build.props = Directory.Build.props
		Directory.Build.targets = Directory.Build.targets
		global.json = global.json
		NuGet.config = NuGet.config
		README.md = README.md
	EndProjectSection
EndProject
Project("{2150E333-8FDC-42A3-9474-1A3956D46DE8}") = "Mobile", "Mobile", "{A9292F2B-50D9-4B58-8E5C-A3AA83FB4BED}"
EndProject
Project("{2150E333-8FDC-42A3-9474-1A3956D46DE8}") = "Desktop", "Desktop", "{48E19FF0-143D-42C3-8D89-E42EF7A9449D}"
EndProject
Project("{9A19103F-16F7-4668-BE54-9A1E7A4F7556}") = "Nivaes.App.Cross.UnitTest", "Nivaes.App.Cross.UnitTest\Nivaes.App.Cross.UnitTest.csproj", "{139EBC02-4A35-435B-9AAD-69518BAFB973}"
EndProject
Project("{9A19103F-16F7-4668-BE54-9A1E7A4F7556}") = "Nivaes.App.Cross.Tests", "Nivaes.App.Cross.Tests\Nivaes.App.Cross.Tests.csproj", "{F38B4271-E04F-403A-B430-878ED7CE7971}"
EndProject
Project("{9A19103F-16F7-4668-BE54-9A1E7A4F7556}") = "Nivaes.App.Cross.iOS", "Nivaes.App.Cross.iOS\Nivaes.App.Cross.iOS.csproj", "{837CE45D-C7F2-4040-91D3-3E2EFAE577D6}"
EndProject
Project("{9A19103F-16F7-4668-BE54-9A1E7A4F7556}") = "Nivaes.App.Cross.Droid", "Nivaes.App.Cross.Droid\Nivaes.App.Cross.Droid.csproj", "{CE579BE4-97E8-4540-9EBD-655E9E96DF57}"
EndProject
Project("{9A19103F-16F7-4668-BE54-9A1E7A4F7556}") = "Nivaes.App.Cross.macOS", "Nivaes.App.Cross.macOS\Nivaes.App.Cross.macOS.csproj", "{0D3714C6-171C-403A-B586-8268FE3BDB39}"
EndProject
Project("{9A19103F-16F7-4668-BE54-9A1E7A4F7556}") = "Nivaes.App.Cross.tvOS", "Nivaes.App.Cross.tvOS\Nivaes.App.Cross.tvOS.csproj", "{EBB4109D-9F7D-4BAC-A8C5-0690ABD642BD}"
EndProject
Project("{9A19103F-16F7-4668-BE54-9A1E7A4F7556}") = "Nivaes.App.Cross.Tizen", "Nivaes.App.Cross.Tizen\Nivaes.App.Cross.Tizen.csproj", "{1EA4DFEC-979E-4209-9C9D-C138A1927FD9}"
EndProject
Project("{2150E333-8FDC-42A3-9474-1A3956D46DE8}") = "Watch", "Watch", "{BEC95233-65C7-4812-BA48-97CB40CF67D4}"
EndProject
Project("{9A19103F-16F7-4668-BE54-9A1E7A4F7556}") = "Nivaes.App.Cross.watchOS", "Nivaes.App.Cross.watchOS\Nivaes.App.Cross.watchOS.csproj", "{14EE0BA4-F980-4D48-B2D7-C57F6D058FBE}"
EndProject
Project("{9A19103F-16F7-4668-BE54-9A1E7A4F7556}") = "Nivaes.App.Cross.Desktop.Sample", "Samples\Nivaes.App.Cross.Desktop.Sample\Nivaes.App.Cross.Desktop.Sample.csproj", "{7DA3409F-7DD2-478D-A9D9-8257C952F543}"
EndProject
Project("{9A19103F-16F7-4668-BE54-9A1E7A4F7556}") = "Nivaes.App.Cross.Mobile.Sample", "Samples\Nivaes.App.Cross.Mobile.Sample\Nivaes.App.Cross.Mobile.Sample.csproj", "{A79D484A-2355-4F29-95D9-B87629DADBC1}"
EndProject
Project("{9A19103F-16F7-4668-BE54-9A1E7A4F7556}") = "Nivaes.App.Cross.Mobile.iOS.Sample", "Samples\Nivaes.App.Cross.Mobile.iOS.Sample\Nivaes.App.Cross.Mobile.iOS.Sample.csproj", "{31951B1C-AE16-43F6-B6E6-DAC9B99EC8B2}"
EndProject
Project("{9A19103F-16F7-4668-BE54-9A1E7A4F7556}") = "Nivaes.App.Cross.Mobile.Droid.Sample", "Samples\Nivaes.App.Cross.Mobile.Droid.Sample\Nivaes.App.Cross.Mobile.Droid.Sample.csproj", "{4F920460-8A07-4211-8CF3-4756C84B7813}"
EndProject
Project("{9A19103F-16F7-4668-BE54-9A1E7A4F7556}") = "Nivaes.App.Cross.Desktop.macOS.Sample", "Samples\Nivaes.App.Cross.Desktop.macOS.Sample\Nivaes.App.Cross.Desktop.macOS.Sample.csproj", "{FCBEB7C1-09E7-4B2F-8B22-7957CA70AA82}"
EndProject
Project("{9A19103F-16F7-4668-BE54-9A1E7A4F7556}") = "Nivaes.App.Cross.Desktop.Windows.Sample", "Samples\Nivaes.App.Cross.Desktop.Windows.Sample\Nivaes.App.Cross.Desktop.Windows.Sample.csproj", "{9A0FB189-B26A-429E-8409-9BCF0003B5FF}"
EndProject
Project("{FAE04EC0-301F-11D3-BF4B-00C04F79EFBC}") = "Nivaes.App.Cross.Watch.watchOS.Sample.WatchOSApp", "Samples\Nivaes.App.Cross.Watch.watchOS.Sample\Nivaes.App.Cross.Watch.watchOS.Sample.WatchOSApp\Nivaes.App.Cross.Watch.watchOS.Sample.WatchOSApp.csproj", "{B46D59A6-E8E1-4107-B539-B1BD8926BF08}"
EndProject
Project("{FAE04EC0-301F-11D3-BF4B-00C04F79EFBC}") = "Nivaes.App.Cross.Watch.watchOS.Sample.WatchOSExtension", "Samples\Nivaes.App.Cross.Watch.watchOS.Sample\Nivaes.App.Cross.Watch.watchOS.Sample.WatchOSExtension\Nivaes.App.Cross.Watch.watchOS.Sample.WatchOSExtension.csproj", "{5B3F9049-55CA-4798-A2FA-2DA9CBCB1E32}"
EndProject
Project("{FAE04EC0-301F-11D3-BF4B-00C04F79EFBC}") = "Nivaes.App.Cross.Watch.Wear.Sample", "Samples\Nivaes.App.Cross.Watch.Wear.Sample\Nivaes.App.Cross.Watch.Wear.Sample\Nivaes.App.Cross.Watch.Wear.Sample.csproj", "{E30EFD0F-5527-4FFC-9A2A-0E7E97EE0087}"
EndProject
Project("{9A19103F-16F7-4668-BE54-9A1E7A4F7556}") = "Nivaes.App.Cross.Watch.Sample", "Samples\Nivaes.App.Cross.Watch.Sample\Nivaes.App.Cross.Watch.Sample.csproj", "{E70A2247-DA0A-4B33-8C03-20FC66E2394D}"
EndProject
Project("{2150E333-8FDC-42A3-9474-1A3956D46DE8}") = "Tv", "Tv", "{CC1FE0BF-4914-41FE-8517-5C9592F2A418}"
EndProject
Project("{9A19103F-16F7-4668-BE54-9A1E7A4F7556}") = "Nivaes.App.Cross.Sample", "Samples\Nivaes.App.Cross.Sample\Nivaes.App.Cross.Sample.csproj", "{267C00C4-CF12-40DA-B214-614DF8E83166}"
EndProject
Project("{9A19103F-16F7-4668-BE54-9A1E7A4F7556}") = "Nivaes.App.Cross.Blazor", "Nivaes.App.Cross.Blazor\Nivaes.App.Cross.Blazor.csproj", "{A2C58F4F-0E30-4C0A-A77F-ADBE3EE58D11}"
EndProject
Project("{9A19103F-16F7-4668-BE54-9A1E7A4F7556}") = "Nivaes.App.Cross.Mobile.Windows.Sample", "Samples\Nivaes.App.Cross.Mobile.Windows.Sample\Nivaes.App.Cross.Mobile.Windows.Sample.csproj", "{96EFCB7F-BB71-457A-9257-678C47411E02}"
EndProject
Project("{9A19103F-16F7-4668-BE54-9A1E7A4F7556}") = "Nivaes.App.Cross.Desktop.Browser.Sample", "Samples\Nivaes.App.Cross.Desktop.Browser.Sample\Nivaes.App.Cross.Desktop.Browser.Sample.csproj", "{E330025B-1827-4F45-B0E2-BA67794B882B}"
EndProject
Project("{C7167F0D-BC9F-4E6E-AFE1-012C56B48DB5}") = "Nivaes.App.Cross.Mobile.Windows.Sample.Package", "Samples\Nivaes.App.Cross.Mobile.Windows.Sample.Package\Nivaes.App.Cross.Mobile.Windows.Sample.Package.wapproj", "{926E0295-EA44-4C8C-88E1-FDE77AA1BCFC}"
EndProject
Project("{9A19103F-16F7-4668-BE54-9A1E7A4F7556}") = "Nivaes.App.Cross.Windows", "Nivaes.App.Cross.Windows\Nivaes.App.Cross.Windows.csproj", "{AB60FF86-B528-4DDD-8FB9-3B53A67C493B}"
EndProject
Project("{9A19103F-16F7-4668-BE54-9A1E7A4F7556}") = "Nivaes.App.Cross.Windows.Wpf", "Nivaes.App.Cross.Windows.Wpf\Nivaes.App.Cross.Windows.Wpf.csproj", "{34274414-BF3A-42D0-8685-47269B56FEC9}"
EndProject
Project("{9A19103F-16F7-4668-BE54-9A1E7A4F7556}") = "Nivaes.App.Cross.Compilers.Toolset", "Nivaes.App.Cross.Compilers.Toolset\Nivaes.App.Cross.Compilers.Toolset.csproj", "{3D0A9258-5272-4AA5-AB15-59594B5AED56}"
EndProject
Project("{2150E333-8FDC-42A3-9474-1A3956D46DE8}") = "Toolset", "Toolset", "{1D957369-5CE1-4CAB-85F9-5E9D0D51983C}"
EndProject
Project("{9A19103F-16F7-4668-BE54-9A1E7A4F7556}") = "Nivaes.App.Cross.macCatalyst", "Nivaes.App.Cross.macCatalyst\Nivaes.App.Cross.macCatalyst.csproj", "{63879F8D-BD57-4828-864C-333042000214}"
EndProject
Project("{9A19103F-16F7-4668-BE54-9A1E7A4F7556}") = "Nivaes.App.Cross.Tv.Sample", "Samples\Nivaes.App.Cross.Tv.Sample\Nivaes.App.Cross.Tv.Sample.csproj", "{D79FE977-3C32-47D4-9432-DA0119FD871A}"
EndProject
Project("{2150E333-8FDC-42A3-9474-1A3956D46DE8}") = "workflows", "workflows", "{2D4A33FD-E113-4179-B301-C9C383F1F17A}"
	ProjectSection(SolutionItems) = preProject
		.github\workflows\build_release.yaml = .github\workflows\build_release.yaml
		.github\workflows\ci.yaml = .github\workflows\ci.yaml
		.github\workflows\publish_release.yaml = .github\workflows\publish_release.yaml
	EndProjectSection
EndProject
Global
	GlobalSection(SolutionConfigurationPlatforms) = preSolution
		Debug|arm64 = Debug|arm64
		Debug|Develop = Debug|Develop
		Debug|x64 = Debug|x64
		Debug|x86 = Debug|x86
		Release|arm64 = Release|arm64
		Release|Develop = Release|Develop
		Release|x64 = Release|x64
		Release|x86 = Release|x86
	EndGlobalSection
	GlobalSection(ProjectConfigurationPlatforms) = postSolution
		{0760352A-6C2D-4F4D-8F9B-05E3FAA74F91}.Debug|arm64.ActiveCfg = Debug|Any CPU
		{0760352A-6C2D-4F4D-8F9B-05E3FAA74F91}.Debug|arm64.Build.0 = Debug|Any CPU
		{0760352A-6C2D-4F4D-8F9B-05E3FAA74F91}.Debug|Develop.ActiveCfg = Debug|Any CPU
		{0760352A-6C2D-4F4D-8F9B-05E3FAA74F91}.Debug|Develop.Build.0 = Debug|Any CPU
		{0760352A-6C2D-4F4D-8F9B-05E3FAA74F91}.Debug|x64.ActiveCfg = Debug|Any CPU
		{0760352A-6C2D-4F4D-8F9B-05E3FAA74F91}.Debug|x64.Build.0 = Debug|Any CPU
		{0760352A-6C2D-4F4D-8F9B-05E3FAA74F91}.Debug|x86.ActiveCfg = Debug|Any CPU
		{0760352A-6C2D-4F4D-8F9B-05E3FAA74F91}.Debug|x86.Build.0 = Debug|Any CPU
		{0760352A-6C2D-4F4D-8F9B-05E3FAA74F91}.Release|arm64.ActiveCfg = Release|Any CPU
		{0760352A-6C2D-4F4D-8F9B-05E3FAA74F91}.Release|arm64.Build.0 = Release|Any CPU
		{0760352A-6C2D-4F4D-8F9B-05E3FAA74F91}.Release|Develop.ActiveCfg = Release|Any CPU
		{0760352A-6C2D-4F4D-8F9B-05E3FAA74F91}.Release|Develop.Build.0 = Release|Any CPU
		{0760352A-6C2D-4F4D-8F9B-05E3FAA74F91}.Release|x64.ActiveCfg = Release|Any CPU
		{0760352A-6C2D-4F4D-8F9B-05E3FAA74F91}.Release|x64.Build.0 = Release|Any CPU
		{0760352A-6C2D-4F4D-8F9B-05E3FAA74F91}.Release|x86.ActiveCfg = Release|Any CPU
		{0760352A-6C2D-4F4D-8F9B-05E3FAA74F91}.Release|x86.Build.0 = Release|Any CPU
		{139EBC02-4A35-435B-9AAD-69518BAFB973}.Debug|arm64.ActiveCfg = Debug|Any CPU
		{139EBC02-4A35-435B-9AAD-69518BAFB973}.Debug|arm64.Build.0 = Debug|Any CPU
		{139EBC02-4A35-435B-9AAD-69518BAFB973}.Debug|Develop.ActiveCfg = Debug|Any CPU
		{139EBC02-4A35-435B-9AAD-69518BAFB973}.Debug|Develop.Build.0 = Debug|Any CPU
		{139EBC02-4A35-435B-9AAD-69518BAFB973}.Debug|x64.ActiveCfg = Debug|Any CPU
		{139EBC02-4A35-435B-9AAD-69518BAFB973}.Debug|x64.Build.0 = Debug|Any CPU
		{139EBC02-4A35-435B-9AAD-69518BAFB973}.Debug|x86.ActiveCfg = Debug|Any CPU
		{139EBC02-4A35-435B-9AAD-69518BAFB973}.Debug|x86.Build.0 = Debug|Any CPU
		{139EBC02-4A35-435B-9AAD-69518BAFB973}.Release|arm64.ActiveCfg = Release|Any CPU
		{139EBC02-4A35-435B-9AAD-69518BAFB973}.Release|arm64.Build.0 = Release|Any CPU
		{139EBC02-4A35-435B-9AAD-69518BAFB973}.Release|Develop.ActiveCfg = Release|Any CPU
		{139EBC02-4A35-435B-9AAD-69518BAFB973}.Release|Develop.Build.0 = Release|Any CPU
		{139EBC02-4A35-435B-9AAD-69518BAFB973}.Release|x64.ActiveCfg = Release|Any CPU
		{139EBC02-4A35-435B-9AAD-69518BAFB973}.Release|x64.Build.0 = Release|Any CPU
		{139EBC02-4A35-435B-9AAD-69518BAFB973}.Release|x86.ActiveCfg = Release|Any CPU
		{139EBC02-4A35-435B-9AAD-69518BAFB973}.Release|x86.Build.0 = Release|Any CPU
		{F38B4271-E04F-403A-B430-878ED7CE7971}.Debug|arm64.ActiveCfg = Debug|Any CPU
		{F38B4271-E04F-403A-B430-878ED7CE7971}.Debug|arm64.Build.0 = Debug|Any CPU
		{F38B4271-E04F-403A-B430-878ED7CE7971}.Debug|Develop.ActiveCfg = Debug|Any CPU
		{F38B4271-E04F-403A-B430-878ED7CE7971}.Debug|Develop.Build.0 = Debug|Any CPU
		{F38B4271-E04F-403A-B430-878ED7CE7971}.Debug|x64.ActiveCfg = Debug|Any CPU
		{F38B4271-E04F-403A-B430-878ED7CE7971}.Debug|x64.Build.0 = Debug|Any CPU
		{F38B4271-E04F-403A-B430-878ED7CE7971}.Debug|x86.ActiveCfg = Debug|Any CPU
		{F38B4271-E04F-403A-B430-878ED7CE7971}.Debug|x86.Build.0 = Debug|Any CPU
		{F38B4271-E04F-403A-B430-878ED7CE7971}.Release|arm64.ActiveCfg = Release|Any CPU
		{F38B4271-E04F-403A-B430-878ED7CE7971}.Release|arm64.Build.0 = Release|Any CPU
		{F38B4271-E04F-403A-B430-878ED7CE7971}.Release|Develop.ActiveCfg = Release|Any CPU
		{F38B4271-E04F-403A-B430-878ED7CE7971}.Release|Develop.Build.0 = Release|Any CPU
		{F38B4271-E04F-403A-B430-878ED7CE7971}.Release|x64.ActiveCfg = Release|Any CPU
		{F38B4271-E04F-403A-B430-878ED7CE7971}.Release|x64.Build.0 = Release|Any CPU
		{F38B4271-E04F-403A-B430-878ED7CE7971}.Release|x86.ActiveCfg = Release|Any CPU
		{F38B4271-E04F-403A-B430-878ED7CE7971}.Release|x86.Build.0 = Release|Any CPU
		{837CE45D-C7F2-4040-91D3-3E2EFAE577D6}.Debug|arm64.ActiveCfg = Debug|Any CPU
		{837CE45D-C7F2-4040-91D3-3E2EFAE577D6}.Debug|arm64.Build.0 = Debug|Any CPU
		{837CE45D-C7F2-4040-91D3-3E2EFAE577D6}.Debug|arm64.Deploy.0 = Debug|Any CPU
		{837CE45D-C7F2-4040-91D3-3E2EFAE577D6}.Debug|Develop.ActiveCfg = Debug|Any CPU
		{837CE45D-C7F2-4040-91D3-3E2EFAE577D6}.Debug|Develop.Build.0 = Debug|Any CPU
		{837CE45D-C7F2-4040-91D3-3E2EFAE577D6}.Debug|Develop.Deploy.0 = Debug|Any CPU
		{837CE45D-C7F2-4040-91D3-3E2EFAE577D6}.Debug|x64.ActiveCfg = Debug|Any CPU
		{837CE45D-C7F2-4040-91D3-3E2EFAE577D6}.Debug|x64.Build.0 = Debug|Any CPU
		{837CE45D-C7F2-4040-91D3-3E2EFAE577D6}.Debug|x64.Deploy.0 = Debug|Any CPU
		{837CE45D-C7F2-4040-91D3-3E2EFAE577D6}.Debug|x86.ActiveCfg = Debug|Any CPU
		{837CE45D-C7F2-4040-91D3-3E2EFAE577D6}.Debug|x86.Build.0 = Debug|Any CPU
		{837CE45D-C7F2-4040-91D3-3E2EFAE577D6}.Release|arm64.ActiveCfg = Release|Any CPU
		{837CE45D-C7F2-4040-91D3-3E2EFAE577D6}.Release|arm64.Build.0 = Release|Any CPU
		{837CE45D-C7F2-4040-91D3-3E2EFAE577D6}.Release|Develop.ActiveCfg = Release|Any CPU
		{837CE45D-C7F2-4040-91D3-3E2EFAE577D6}.Release|Develop.Build.0 = Release|Any CPU
		{837CE45D-C7F2-4040-91D3-3E2EFAE577D6}.Release|Develop.Deploy.0 = Release|Any CPU
		{837CE45D-C7F2-4040-91D3-3E2EFAE577D6}.Release|x64.ActiveCfg = Release|Any CPU
		{837CE45D-C7F2-4040-91D3-3E2EFAE577D6}.Release|x64.Build.0 = Release|Any CPU
		{837CE45D-C7F2-4040-91D3-3E2EFAE577D6}.Release|x86.ActiveCfg = Release|Any CPU
		{837CE45D-C7F2-4040-91D3-3E2EFAE577D6}.Release|x86.Build.0 = Release|Any CPU
		{CE579BE4-97E8-4540-9EBD-655E9E96DF57}.Debug|arm64.ActiveCfg = Debug|Any CPU
		{CE579BE4-97E8-4540-9EBD-655E9E96DF57}.Debug|arm64.Build.0 = Debug|Any CPU
		{CE579BE4-97E8-4540-9EBD-655E9E96DF57}.Debug|arm64.Deploy.0 = Debug|Any CPU
		{CE579BE4-97E8-4540-9EBD-655E9E96DF57}.Debug|Develop.ActiveCfg = Debug|Any CPU
		{CE579BE4-97E8-4540-9EBD-655E9E96DF57}.Debug|Develop.Build.0 = Debug|Any CPU
		{CE579BE4-97E8-4540-9EBD-655E9E96DF57}.Debug|Develop.Deploy.0 = Debug|Any CPU
		{CE579BE4-97E8-4540-9EBD-655E9E96DF57}.Debug|x64.ActiveCfg = Debug|Any CPU
		{CE579BE4-97E8-4540-9EBD-655E9E96DF57}.Debug|x64.Build.0 = Debug|Any CPU
		{CE579BE4-97E8-4540-9EBD-655E9E96DF57}.Debug|x64.Deploy.0 = Debug|Any CPU
		{CE579BE4-97E8-4540-9EBD-655E9E96DF57}.Debug|x86.ActiveCfg = Debug|Any CPU
		{CE579BE4-97E8-4540-9EBD-655E9E96DF57}.Debug|x86.Build.0 = Debug|Any CPU
		{CE579BE4-97E8-4540-9EBD-655E9E96DF57}.Release|arm64.ActiveCfg = Release|Any CPU
		{CE579BE4-97E8-4540-9EBD-655E9E96DF57}.Release|arm64.Build.0 = Release|Any CPU
		{CE579BE4-97E8-4540-9EBD-655E9E96DF57}.Release|Develop.ActiveCfg = Release|Any CPU
		{CE579BE4-97E8-4540-9EBD-655E9E96DF57}.Release|Develop.Build.0 = Release|Any CPU
		{CE579BE4-97E8-4540-9EBD-655E9E96DF57}.Release|Develop.Deploy.0 = Release|Any CPU
		{CE579BE4-97E8-4540-9EBD-655E9E96DF57}.Release|x64.ActiveCfg = Release|Any CPU
		{CE579BE4-97E8-4540-9EBD-655E9E96DF57}.Release|x64.Build.0 = Release|Any CPU
		{CE579BE4-97E8-4540-9EBD-655E9E96DF57}.Release|x86.ActiveCfg = Release|Any CPU
		{CE579BE4-97E8-4540-9EBD-655E9E96DF57}.Release|x86.Build.0 = Release|Any CPU
		{0D3714C6-171C-403A-B586-8268FE3BDB39}.Debug|arm64.ActiveCfg = Debug|Any CPU
		{0D3714C6-171C-403A-B586-8268FE3BDB39}.Debug|arm64.Build.0 = Debug|Any CPU
		{0D3714C6-171C-403A-B586-8268FE3BDB39}.Debug|Develop.ActiveCfg = Debug|Any CPU
		{0D3714C6-171C-403A-B586-8268FE3BDB39}.Debug|Develop.Build.0 = Debug|Any CPU
		{0D3714C6-171C-403A-B586-8268FE3BDB39}.Debug|x64.ActiveCfg = Debug|Any CPU
		{0D3714C6-171C-403A-B586-8268FE3BDB39}.Debug|x64.Build.0 = Debug|Any CPU
		{0D3714C6-171C-403A-B586-8268FE3BDB39}.Debug|x86.ActiveCfg = Debug|Any CPU
		{0D3714C6-171C-403A-B586-8268FE3BDB39}.Debug|x86.Build.0 = Debug|Any CPU
		{0D3714C6-171C-403A-B586-8268FE3BDB39}.Release|arm64.ActiveCfg = Release|Any CPU
		{0D3714C6-171C-403A-B586-8268FE3BDB39}.Release|arm64.Build.0 = Release|Any CPU
		{0D3714C6-171C-403A-B586-8268FE3BDB39}.Release|Develop.ActiveCfg = Release|Any CPU
		{0D3714C6-171C-403A-B586-8268FE3BDB39}.Release|Develop.Build.0 = Release|Any CPU
		{0D3714C6-171C-403A-B586-8268FE3BDB39}.Release|x64.ActiveCfg = Release|Any CPU
		{0D3714C6-171C-403A-B586-8268FE3BDB39}.Release|x64.Build.0 = Release|Any CPU
		{0D3714C6-171C-403A-B586-8268FE3BDB39}.Release|x86.ActiveCfg = Release|Any CPU
		{0D3714C6-171C-403A-B586-8268FE3BDB39}.Release|x86.Build.0 = Release|Any CPU
		{EBB4109D-9F7D-4BAC-A8C5-0690ABD642BD}.Debug|arm64.ActiveCfg = Debug|Any CPU
		{EBB4109D-9F7D-4BAC-A8C5-0690ABD642BD}.Debug|arm64.Build.0 = Debug|Any CPU
		{EBB4109D-9F7D-4BAC-A8C5-0690ABD642BD}.Debug|Develop.ActiveCfg = Debug|Any CPU
		{EBB4109D-9F7D-4BAC-A8C5-0690ABD642BD}.Debug|Develop.Build.0 = Debug|Any CPU
		{EBB4109D-9F7D-4BAC-A8C5-0690ABD642BD}.Debug|x64.ActiveCfg = Debug|Any CPU
		{EBB4109D-9F7D-4BAC-A8C5-0690ABD642BD}.Debug|x64.Build.0 = Debug|Any CPU
		{EBB4109D-9F7D-4BAC-A8C5-0690ABD642BD}.Debug|x86.ActiveCfg = Debug|Any CPU
		{EBB4109D-9F7D-4BAC-A8C5-0690ABD642BD}.Debug|x86.Build.0 = Debug|Any CPU
		{EBB4109D-9F7D-4BAC-A8C5-0690ABD642BD}.Release|arm64.ActiveCfg = Release|Any CPU
		{EBB4109D-9F7D-4BAC-A8C5-0690ABD642BD}.Release|arm64.Build.0 = Release|Any CPU
		{EBB4109D-9F7D-4BAC-A8C5-0690ABD642BD}.Release|Develop.ActiveCfg = Release|Any CPU
		{EBB4109D-9F7D-4BAC-A8C5-0690ABD642BD}.Release|Develop.Build.0 = Release|Any CPU
		{EBB4109D-9F7D-4BAC-A8C5-0690ABD642BD}.Release|x64.ActiveCfg = Release|Any CPU
		{EBB4109D-9F7D-4BAC-A8C5-0690ABD642BD}.Release|x64.Build.0 = Release|Any CPU
		{EBB4109D-9F7D-4BAC-A8C5-0690ABD642BD}.Release|x86.ActiveCfg = Release|Any CPU
		{EBB4109D-9F7D-4BAC-A8C5-0690ABD642BD}.Release|x86.Build.0 = Release|Any CPU
		{1EA4DFEC-979E-4209-9C9D-C138A1927FD9}.Debug|arm64.ActiveCfg = Debug|Any CPU
		{1EA4DFEC-979E-4209-9C9D-C138A1927FD9}.Debug|arm64.Build.0 = Debug|Any CPU
		{1EA4DFEC-979E-4209-9C9D-C138A1927FD9}.Debug|Develop.ActiveCfg = Debug|Any CPU
		{1EA4DFEC-979E-4209-9C9D-C138A1927FD9}.Debug|Develop.Build.0 = Debug|Any CPU
		{1EA4DFEC-979E-4209-9C9D-C138A1927FD9}.Debug|x64.ActiveCfg = Debug|Any CPU
		{1EA4DFEC-979E-4209-9C9D-C138A1927FD9}.Debug|x64.Build.0 = Debug|Any CPU
		{1EA4DFEC-979E-4209-9C9D-C138A1927FD9}.Debug|x86.ActiveCfg = Debug|Any CPU
		{1EA4DFEC-979E-4209-9C9D-C138A1927FD9}.Debug|x86.Build.0 = Debug|Any CPU
		{1EA4DFEC-979E-4209-9C9D-C138A1927FD9}.Release|arm64.ActiveCfg = Release|Any CPU
		{1EA4DFEC-979E-4209-9C9D-C138A1927FD9}.Release|arm64.Build.0 = Release|Any CPU
		{1EA4DFEC-979E-4209-9C9D-C138A1927FD9}.Release|Develop.ActiveCfg = Release|Any CPU
		{1EA4DFEC-979E-4209-9C9D-C138A1927FD9}.Release|Develop.Build.0 = Release|Any CPU
		{1EA4DFEC-979E-4209-9C9D-C138A1927FD9}.Release|x64.ActiveCfg = Release|Any CPU
		{1EA4DFEC-979E-4209-9C9D-C138A1927FD9}.Release|x64.Build.0 = Release|Any CPU
		{1EA4DFEC-979E-4209-9C9D-C138A1927FD9}.Release|x86.ActiveCfg = Release|Any CPU
		{1EA4DFEC-979E-4209-9C9D-C138A1927FD9}.Release|x86.Build.0 = Release|Any CPU
		{14EE0BA4-F980-4D48-B2D7-C57F6D058FBE}.Debug|arm64.ActiveCfg = Debug|Any CPU
		{14EE0BA4-F980-4D48-B2D7-C57F6D058FBE}.Debug|arm64.Build.0 = Debug|Any CPU
		{14EE0BA4-F980-4D48-B2D7-C57F6D058FBE}.Debug|Develop.ActiveCfg = Debug|Any CPU
		{14EE0BA4-F980-4D48-B2D7-C57F6D058FBE}.Debug|Develop.Build.0 = Debug|Any CPU
		{14EE0BA4-F980-4D48-B2D7-C57F6D058FBE}.Debug|x64.ActiveCfg = Debug|Any CPU
		{14EE0BA4-F980-4D48-B2D7-C57F6D058FBE}.Debug|x64.Build.0 = Debug|Any CPU
		{14EE0BA4-F980-4D48-B2D7-C57F6D058FBE}.Debug|x86.ActiveCfg = Debug|Any CPU
		{14EE0BA4-F980-4D48-B2D7-C57F6D058FBE}.Debug|x86.Build.0 = Debug|Any CPU
		{14EE0BA4-F980-4D48-B2D7-C57F6D058FBE}.Release|arm64.ActiveCfg = Release|Any CPU
		{14EE0BA4-F980-4D48-B2D7-C57F6D058FBE}.Release|arm64.Build.0 = Release|Any CPU
		{14EE0BA4-F980-4D48-B2D7-C57F6D058FBE}.Release|Develop.ActiveCfg = Release|Any CPU
		{14EE0BA4-F980-4D48-B2D7-C57F6D058FBE}.Release|Develop.Build.0 = Release|Any CPU
		{14EE0BA4-F980-4D48-B2D7-C57F6D058FBE}.Release|x64.ActiveCfg = Release|Any CPU
		{14EE0BA4-F980-4D48-B2D7-C57F6D058FBE}.Release|x64.Build.0 = Release|Any CPU
		{14EE0BA4-F980-4D48-B2D7-C57F6D058FBE}.Release|x86.ActiveCfg = Release|Any CPU
		{14EE0BA4-F980-4D48-B2D7-C57F6D058FBE}.Release|x86.Build.0 = Release|Any CPU
		{7DA3409F-7DD2-478D-A9D9-8257C952F543}.Debug|arm64.ActiveCfg = Debug|Any CPU
		{7DA3409F-7DD2-478D-A9D9-8257C952F543}.Debug|arm64.Build.0 = Debug|Any CPU
		{7DA3409F-7DD2-478D-A9D9-8257C952F543}.Debug|Develop.ActiveCfg = Debug|Any CPU
		{7DA3409F-7DD2-478D-A9D9-8257C952F543}.Debug|Develop.Build.0 = Debug|Any CPU
		{7DA3409F-7DD2-478D-A9D9-8257C952F543}.Debug|x64.ActiveCfg = Debug|Any CPU
		{7DA3409F-7DD2-478D-A9D9-8257C952F543}.Debug|x64.Build.0 = Debug|Any CPU
		{7DA3409F-7DD2-478D-A9D9-8257C952F543}.Debug|x86.ActiveCfg = Debug|Any CPU
		{7DA3409F-7DD2-478D-A9D9-8257C952F543}.Debug|x86.Build.0 = Debug|Any CPU
		{7DA3409F-7DD2-478D-A9D9-8257C952F543}.Release|arm64.ActiveCfg = Release|Any CPU
		{7DA3409F-7DD2-478D-A9D9-8257C952F543}.Release|arm64.Build.0 = Release|Any CPU
		{7DA3409F-7DD2-478D-A9D9-8257C952F543}.Release|Develop.ActiveCfg = Release|Any CPU
		{7DA3409F-7DD2-478D-A9D9-8257C952F543}.Release|Develop.Build.0 = Release|Any CPU
		{7DA3409F-7DD2-478D-A9D9-8257C952F543}.Release|x64.ActiveCfg = Release|Any CPU
		{7DA3409F-7DD2-478D-A9D9-8257C952F543}.Release|x64.Build.0 = Release|Any CPU
		{7DA3409F-7DD2-478D-A9D9-8257C952F543}.Release|x86.ActiveCfg = Release|Any CPU
		{7DA3409F-7DD2-478D-A9D9-8257C952F543}.Release|x86.Build.0 = Release|Any CPU
		{A79D484A-2355-4F29-95D9-B87629DADBC1}.Debug|arm64.ActiveCfg = Debug|Any CPU
		{A79D484A-2355-4F29-95D9-B87629DADBC1}.Debug|arm64.Build.0 = Debug|Any CPU
		{A79D484A-2355-4F29-95D9-B87629DADBC1}.Debug|Develop.ActiveCfg = Debug|Any CPU
		{A79D484A-2355-4F29-95D9-B87629DADBC1}.Debug|Develop.Build.0 = Debug|Any CPU
		{A79D484A-2355-4F29-95D9-B87629DADBC1}.Debug|x64.ActiveCfg = Debug|Any CPU
		{A79D484A-2355-4F29-95D9-B87629DADBC1}.Debug|x64.Build.0 = Debug|Any CPU
		{A79D484A-2355-4F29-95D9-B87629DADBC1}.Debug|x86.ActiveCfg = Debug|Any CPU
		{A79D484A-2355-4F29-95D9-B87629DADBC1}.Debug|x86.Build.0 = Debug|Any CPU
		{A79D484A-2355-4F29-95D9-B87629DADBC1}.Release|arm64.ActiveCfg = Release|Any CPU
		{A79D484A-2355-4F29-95D9-B87629DADBC1}.Release|arm64.Build.0 = Release|Any CPU
		{A79D484A-2355-4F29-95D9-B87629DADBC1}.Release|Develop.ActiveCfg = Release|Any CPU
		{A79D484A-2355-4F29-95D9-B87629DADBC1}.Release|Develop.Build.0 = Release|Any CPU
		{A79D484A-2355-4F29-95D9-B87629DADBC1}.Release|x64.ActiveCfg = Release|Any CPU
		{A79D484A-2355-4F29-95D9-B87629DADBC1}.Release|x64.Build.0 = Release|Any CPU
		{A79D484A-2355-4F29-95D9-B87629DADBC1}.Release|x86.ActiveCfg = Release|Any CPU
		{A79D484A-2355-4F29-95D9-B87629DADBC1}.Release|x86.Build.0 = Release|Any CPU
		{31951B1C-AE16-43F6-B6E6-DAC9B99EC8B2}.Debug|arm64.ActiveCfg = Debug|Any CPU
		{31951B1C-AE16-43F6-B6E6-DAC9B99EC8B2}.Debug|arm64.Build.0 = Debug|Any CPU
		{31951B1C-AE16-43F6-B6E6-DAC9B99EC8B2}.Debug|Develop.ActiveCfg = Debug|Any CPU
		{31951B1C-AE16-43F6-B6E6-DAC9B99EC8B2}.Debug|Develop.Build.0 = Debug|Any CPU
		{31951B1C-AE16-43F6-B6E6-DAC9B99EC8B2}.Debug|Develop.Deploy.0 = Debug|Any CPU
		{31951B1C-AE16-43F6-B6E6-DAC9B99EC8B2}.Debug|x64.ActiveCfg = Debug|Any CPU
		{31951B1C-AE16-43F6-B6E6-DAC9B99EC8B2}.Debug|x64.Build.0 = Debug|Any CPU
		{31951B1C-AE16-43F6-B6E6-DAC9B99EC8B2}.Debug|x86.ActiveCfg = Debug|Any CPU
		{31951B1C-AE16-43F6-B6E6-DAC9B99EC8B2}.Debug|x86.Build.0 = Debug|Any CPU
		{31951B1C-AE16-43F6-B6E6-DAC9B99EC8B2}.Release|arm64.ActiveCfg = Release|iPhone
		{31951B1C-AE16-43F6-B6E6-DAC9B99EC8B2}.Release|Develop.ActiveCfg = Release|Any CPU
		{31951B1C-AE16-43F6-B6E6-DAC9B99EC8B2}.Release|Develop.Build.0 = Release|Any CPU
		{31951B1C-AE16-43F6-B6E6-DAC9B99EC8B2}.Release|x64.ActiveCfg = Release|iPhone
		{31951B1C-AE16-43F6-B6E6-DAC9B99EC8B2}.Release|x86.ActiveCfg = Release|iPhone
		{4F920460-8A07-4211-8CF3-4756C84B7813}.Debug|arm64.ActiveCfg = Debug|Any CPU
		{4F920460-8A07-4211-8CF3-4756C84B7813}.Debug|arm64.Build.0 = Debug|Any CPU
		{4F920460-8A07-4211-8CF3-4756C84B7813}.Debug|arm64.Deploy.0 = Debug|Any CPU
		{4F920460-8A07-4211-8CF3-4756C84B7813}.Debug|Develop.ActiveCfg = Debug|Any CPU
		{4F920460-8A07-4211-8CF3-4756C84B7813}.Debug|Develop.Build.0 = Debug|Any CPU
		{4F920460-8A07-4211-8CF3-4756C84B7813}.Debug|Develop.Deploy.0 = Debug|Any CPU
		{4F920460-8A07-4211-8CF3-4756C84B7813}.Debug|x64.ActiveCfg = Debug|Any CPU
		{4F920460-8A07-4211-8CF3-4756C84B7813}.Debug|x64.Build.0 = Debug|Any CPU
		{4F920460-8A07-4211-8CF3-4756C84B7813}.Debug|x64.Deploy.0 = Debug|Any CPU
		{4F920460-8A07-4211-8CF3-4756C84B7813}.Debug|x86.ActiveCfg = Debug|Any CPU
		{4F920460-8A07-4211-8CF3-4756C84B7813}.Debug|x86.Build.0 = Debug|Any CPU
		{4F920460-8A07-4211-8CF3-4756C84B7813}.Debug|x86.Deploy.0 = Debug|Any CPU
		{4F920460-8A07-4211-8CF3-4756C84B7813}.Release|arm64.ActiveCfg = Release|Any CPU
		{4F920460-8A07-4211-8CF3-4756C84B7813}.Release|arm64.Build.0 = Release|Any CPU
		{4F920460-8A07-4211-8CF3-4756C84B7813}.Release|arm64.Deploy.0 = Release|Any CPU
		{4F920460-8A07-4211-8CF3-4756C84B7813}.Release|Develop.ActiveCfg = Release|Any CPU
		{4F920460-8A07-4211-8CF3-4756C84B7813}.Release|Develop.Build.0 = Release|Any CPU
		{4F920460-8A07-4211-8CF3-4756C84B7813}.Release|Develop.Deploy.0 = Release|Any CPU
		{4F920460-8A07-4211-8CF3-4756C84B7813}.Release|x64.ActiveCfg = Release|Any CPU
		{4F920460-8A07-4211-8CF3-4756C84B7813}.Release|x64.Build.0 = Release|Any CPU
		{4F920460-8A07-4211-8CF3-4756C84B7813}.Release|x64.Deploy.0 = Release|Any CPU
		{4F920460-8A07-4211-8CF3-4756C84B7813}.Release|x86.ActiveCfg = Release|Any CPU
		{4F920460-8A07-4211-8CF3-4756C84B7813}.Release|x86.Build.0 = Release|Any CPU
		{4F920460-8A07-4211-8CF3-4756C84B7813}.Release|x86.Deploy.0 = Release|Any CPU
		{FCBEB7C1-09E7-4B2F-8B22-7957CA70AA82}.Debug|arm64.ActiveCfg = Debug|Any CPU
		{FCBEB7C1-09E7-4B2F-8B22-7957CA70AA82}.Debug|arm64.Build.0 = Debug|Any CPU
		{FCBEB7C1-09E7-4B2F-8B22-7957CA70AA82}.Debug|Develop.ActiveCfg = Debug|Any CPU
		{FCBEB7C1-09E7-4B2F-8B22-7957CA70AA82}.Debug|Develop.Build.0 = Debug|Any CPU
		{FCBEB7C1-09E7-4B2F-8B22-7957CA70AA82}.Debug|x64.ActiveCfg = Debug|Any CPU
		{FCBEB7C1-09E7-4B2F-8B22-7957CA70AA82}.Debug|x64.Build.0 = Debug|Any CPU
		{FCBEB7C1-09E7-4B2F-8B22-7957CA70AA82}.Debug|x86.ActiveCfg = Debug|Any CPU
		{FCBEB7C1-09E7-4B2F-8B22-7957CA70AA82}.Debug|x86.Build.0 = Debug|Any CPU
		{FCBEB7C1-09E7-4B2F-8B22-7957CA70AA82}.Release|arm64.ActiveCfg = Release|Any CPU
		{FCBEB7C1-09E7-4B2F-8B22-7957CA70AA82}.Release|arm64.Build.0 = Release|Any CPU
		{FCBEB7C1-09E7-4B2F-8B22-7957CA70AA82}.Release|Develop.ActiveCfg = Release|Any CPU
		{FCBEB7C1-09E7-4B2F-8B22-7957CA70AA82}.Release|Develop.Build.0 = Release|Any CPU
		{FCBEB7C1-09E7-4B2F-8B22-7957CA70AA82}.Release|x64.ActiveCfg = Release|Any CPU
		{FCBEB7C1-09E7-4B2F-8B22-7957CA70AA82}.Release|x64.Build.0 = Release|Any CPU
		{FCBEB7C1-09E7-4B2F-8B22-7957CA70AA82}.Release|x86.ActiveCfg = Release|Any CPU
		{FCBEB7C1-09E7-4B2F-8B22-7957CA70AA82}.Release|x86.Build.0 = Release|Any CPU
		{9A0FB189-B26A-429E-8409-9BCF0003B5FF}.Debug|arm64.ActiveCfg = Debug|Any CPU
		{9A0FB189-B26A-429E-8409-9BCF0003B5FF}.Debug|arm64.Build.0 = Debug|Any CPU
		{9A0FB189-B26A-429E-8409-9BCF0003B5FF}.Debug|Develop.ActiveCfg = Debug|Any CPU
		{9A0FB189-B26A-429E-8409-9BCF0003B5FF}.Debug|Develop.Build.0 = Debug|Any CPU
		{9A0FB189-B26A-429E-8409-9BCF0003B5FF}.Debug|x64.ActiveCfg = Debug|Any CPU
		{9A0FB189-B26A-429E-8409-9BCF0003B5FF}.Debug|x64.Build.0 = Debug|Any CPU
		{9A0FB189-B26A-429E-8409-9BCF0003B5FF}.Debug|x86.ActiveCfg = Debug|Any CPU
		{9A0FB189-B26A-429E-8409-9BCF0003B5FF}.Debug|x86.Build.0 = Debug|Any CPU
		{9A0FB189-B26A-429E-8409-9BCF0003B5FF}.Release|arm64.ActiveCfg = Release|Any CPU
		{9A0FB189-B26A-429E-8409-9BCF0003B5FF}.Release|arm64.Build.0 = Release|Any CPU
		{9A0FB189-B26A-429E-8409-9BCF0003B5FF}.Release|Develop.ActiveCfg = Release|Any CPU
		{9A0FB189-B26A-429E-8409-9BCF0003B5FF}.Release|Develop.Build.0 = Release|Any CPU
		{9A0FB189-B26A-429E-8409-9BCF0003B5FF}.Release|x64.ActiveCfg = Release|Any CPU
		{9A0FB189-B26A-429E-8409-9BCF0003B5FF}.Release|x64.Build.0 = Release|Any CPU
		{9A0FB189-B26A-429E-8409-9BCF0003B5FF}.Release|x86.ActiveCfg = Release|Any CPU
		{9A0FB189-B26A-429E-8409-9BCF0003B5FF}.Release|x86.Build.0 = Release|Any CPU
		{B46D59A6-E8E1-4107-B539-B1BD8926BF08}.Debug|arm64.ActiveCfg = Debug|iPhone
		{B46D59A6-E8E1-4107-B539-B1BD8926BF08}.Debug|arm64.Build.0 = Debug|iPhone
		{B46D59A6-E8E1-4107-B539-B1BD8926BF08}.Debug|Develop.ActiveCfg = Debug|iPhoneSimulator
		{B46D59A6-E8E1-4107-B539-B1BD8926BF08}.Debug|Develop.Build.0 = Debug|iPhoneSimulator
		{B46D59A6-E8E1-4107-B539-B1BD8926BF08}.Debug|x64.ActiveCfg = Debug|iPhoneSimulator
		{B46D59A6-E8E1-4107-B539-B1BD8926BF08}.Debug|x64.Build.0 = Debug|iPhoneSimulator
		{B46D59A6-E8E1-4107-B539-B1BD8926BF08}.Debug|x86.ActiveCfg = Debug|iPhoneSimulator
		{B46D59A6-E8E1-4107-B539-B1BD8926BF08}.Debug|x86.Build.0 = Debug|iPhoneSimulator
		{B46D59A6-E8E1-4107-B539-B1BD8926BF08}.Release|arm64.ActiveCfg = Release|iPhone
		{B46D59A6-E8E1-4107-B539-B1BD8926BF08}.Release|Develop.ActiveCfg = Release|iPhoneSimulator
		{B46D59A6-E8E1-4107-B539-B1BD8926BF08}.Release|Develop.Build.0 = Release|iPhoneSimulator
		{B46D59A6-E8E1-4107-B539-B1BD8926BF08}.Release|x64.ActiveCfg = Release|iPhone
		{B46D59A6-E8E1-4107-B539-B1BD8926BF08}.Release|x86.ActiveCfg = Release|iPhone
		{5B3F9049-55CA-4798-A2FA-2DA9CBCB1E32}.Debug|arm64.ActiveCfg = Debug|iPhone
		{5B3F9049-55CA-4798-A2FA-2DA9CBCB1E32}.Debug|arm64.Build.0 = Debug|iPhone
		{5B3F9049-55CA-4798-A2FA-2DA9CBCB1E32}.Debug|Develop.ActiveCfg = Debug|iPhoneSimulator
		{5B3F9049-55CA-4798-A2FA-2DA9CBCB1E32}.Debug|Develop.Build.0 = Debug|iPhoneSimulator
		{5B3F9049-55CA-4798-A2FA-2DA9CBCB1E32}.Debug|x64.ActiveCfg = Debug|iPhoneSimulator
		{5B3F9049-55CA-4798-A2FA-2DA9CBCB1E32}.Debug|x64.Build.0 = Debug|iPhoneSimulator
		{5B3F9049-55CA-4798-A2FA-2DA9CBCB1E32}.Debug|x86.ActiveCfg = Debug|iPhoneSimulator
		{5B3F9049-55CA-4798-A2FA-2DA9CBCB1E32}.Debug|x86.Build.0 = Debug|iPhoneSimulator
		{5B3F9049-55CA-4798-A2FA-2DA9CBCB1E32}.Release|arm64.ActiveCfg = Release|iPhone
		{5B3F9049-55CA-4798-A2FA-2DA9CBCB1E32}.Release|Develop.ActiveCfg = Release|iPhoneSimulator
		{5B3F9049-55CA-4798-A2FA-2DA9CBCB1E32}.Release|Develop.Build.0 = Release|iPhoneSimulator
		{5B3F9049-55CA-4798-A2FA-2DA9CBCB1E32}.Release|x64.ActiveCfg = Release|iPhone
		{5B3F9049-55CA-4798-A2FA-2DA9CBCB1E32}.Release|x86.ActiveCfg = Release|iPhone
		{E30EFD0F-5527-4FFC-9A2A-0E7E97EE0087}.Debug|arm64.ActiveCfg = Debug|Any CPU
		{E30EFD0F-5527-4FFC-9A2A-0E7E97EE0087}.Debug|arm64.Build.0 = Debug|Any CPU
		{E30EFD0F-5527-4FFC-9A2A-0E7E97EE0087}.Debug|arm64.Deploy.0 = Debug|Any CPU
		{E30EFD0F-5527-4FFC-9A2A-0E7E97EE0087}.Debug|Develop.ActiveCfg = Debug|Any CPU
		{E30EFD0F-5527-4FFC-9A2A-0E7E97EE0087}.Debug|Develop.Build.0 = Debug|Any CPU
		{E30EFD0F-5527-4FFC-9A2A-0E7E97EE0087}.Debug|Develop.Deploy.0 = Debug|Any CPU
		{E30EFD0F-5527-4FFC-9A2A-0E7E97EE0087}.Debug|x64.ActiveCfg = Debug|Any CPU
		{E30EFD0F-5527-4FFC-9A2A-0E7E97EE0087}.Debug|x64.Build.0 = Debug|Any CPU
		{E30EFD0F-5527-4FFC-9A2A-0E7E97EE0087}.Debug|x64.Deploy.0 = Debug|Any CPU
		{E30EFD0F-5527-4FFC-9A2A-0E7E97EE0087}.Debug|x86.ActiveCfg = Debug|Any CPU
		{E30EFD0F-5527-4FFC-9A2A-0E7E97EE0087}.Debug|x86.Build.0 = Debug|Any CPU
		{E30EFD0F-5527-4FFC-9A2A-0E7E97EE0087}.Debug|x86.Deploy.0 = Debug|Any CPU
		{E30EFD0F-5527-4FFC-9A2A-0E7E97EE0087}.Release|arm64.ActiveCfg = Release|Any CPU
		{E30EFD0F-5527-4FFC-9A2A-0E7E97EE0087}.Release|arm64.Build.0 = Release|Any CPU
		{E30EFD0F-5527-4FFC-9A2A-0E7E97EE0087}.Release|arm64.Deploy.0 = Release|Any CPU
		{E30EFD0F-5527-4FFC-9A2A-0E7E97EE0087}.Release|Develop.ActiveCfg = Release|Any CPU
		{E30EFD0F-5527-4FFC-9A2A-0E7E97EE0087}.Release|Develop.Build.0 = Release|Any CPU
		{E30EFD0F-5527-4FFC-9A2A-0E7E97EE0087}.Release|Develop.Deploy.0 = Release|Any CPU
		{E30EFD0F-5527-4FFC-9A2A-0E7E97EE0087}.Release|x64.ActiveCfg = Release|Any CPU
		{E30EFD0F-5527-4FFC-9A2A-0E7E97EE0087}.Release|x64.Build.0 = Release|Any CPU
		{E30EFD0F-5527-4FFC-9A2A-0E7E97EE0087}.Release|x64.Deploy.0 = Release|Any CPU
		{E30EFD0F-5527-4FFC-9A2A-0E7E97EE0087}.Release|x86.ActiveCfg = Release|Any CPU
		{E30EFD0F-5527-4FFC-9A2A-0E7E97EE0087}.Release|x86.Build.0 = Release|Any CPU
		{E30EFD0F-5527-4FFC-9A2A-0E7E97EE0087}.Release|x86.Deploy.0 = Release|Any CPU
		{E70A2247-DA0A-4B33-8C03-20FC66E2394D}.Debug|arm64.ActiveCfg = Debug|Any CPU
		{E70A2247-DA0A-4B33-8C03-20FC66E2394D}.Debug|arm64.Build.0 = Debug|Any CPU
		{E70A2247-DA0A-4B33-8C03-20FC66E2394D}.Debug|Develop.ActiveCfg = Debug|Any CPU
		{E70A2247-DA0A-4B33-8C03-20FC66E2394D}.Debug|Develop.Build.0 = Debug|Any CPU
		{E70A2247-DA0A-4B33-8C03-20FC66E2394D}.Debug|x64.ActiveCfg = Debug|Any CPU
		{E70A2247-DA0A-4B33-8C03-20FC66E2394D}.Debug|x64.Build.0 = Debug|Any CPU
		{E70A2247-DA0A-4B33-8C03-20FC66E2394D}.Debug|x86.ActiveCfg = Debug|Any CPU
		{E70A2247-DA0A-4B33-8C03-20FC66E2394D}.Debug|x86.Build.0 = Debug|Any CPU
		{E70A2247-DA0A-4B33-8C03-20FC66E2394D}.Release|arm64.ActiveCfg = Release|Any CPU
		{E70A2247-DA0A-4B33-8C03-20FC66E2394D}.Release|arm64.Build.0 = Release|Any CPU
		{E70A2247-DA0A-4B33-8C03-20FC66E2394D}.Release|Develop.ActiveCfg = Release|Any CPU
		{E70A2247-DA0A-4B33-8C03-20FC66E2394D}.Release|Develop.Build.0 = Release|Any CPU
		{E70A2247-DA0A-4B33-8C03-20FC66E2394D}.Release|x64.ActiveCfg = Release|Any CPU
		{E70A2247-DA0A-4B33-8C03-20FC66E2394D}.Release|x64.Build.0 = Release|Any CPU
		{E70A2247-DA0A-4B33-8C03-20FC66E2394D}.Release|x86.ActiveCfg = Release|Any CPU
		{E70A2247-DA0A-4B33-8C03-20FC66E2394D}.Release|x86.Build.0 = Release|Any CPU
		{267C00C4-CF12-40DA-B214-614DF8E83166}.Debug|arm64.ActiveCfg = Debug|Any CPU
		{267C00C4-CF12-40DA-B214-614DF8E83166}.Debug|arm64.Build.0 = Debug|Any CPU
		{267C00C4-CF12-40DA-B214-614DF8E83166}.Debug|Develop.ActiveCfg = Debug|Any CPU
		{267C00C4-CF12-40DA-B214-614DF8E83166}.Debug|Develop.Build.0 = Debug|Any CPU
		{267C00C4-CF12-40DA-B214-614DF8E83166}.Debug|x64.ActiveCfg = Debug|Any CPU
		{267C00C4-CF12-40DA-B214-614DF8E83166}.Debug|x64.Build.0 = Debug|Any CPU
		{267C00C4-CF12-40DA-B214-614DF8E83166}.Debug|x86.ActiveCfg = Debug|Any CPU
		{267C00C4-CF12-40DA-B214-614DF8E83166}.Debug|x86.Build.0 = Debug|Any CPU
		{267C00C4-CF12-40DA-B214-614DF8E83166}.Release|arm64.ActiveCfg = Release|Any CPU
		{267C00C4-CF12-40DA-B214-614DF8E83166}.Release|arm64.Build.0 = Release|Any CPU
		{267C00C4-CF12-40DA-B214-614DF8E83166}.Release|Develop.ActiveCfg = Release|Any CPU
		{267C00C4-CF12-40DA-B214-614DF8E83166}.Release|Develop.Build.0 = Release|Any CPU
		{267C00C4-CF12-40DA-B214-614DF8E83166}.Release|x64.ActiveCfg = Release|Any CPU
		{267C00C4-CF12-40DA-B214-614DF8E83166}.Release|x64.Build.0 = Release|Any CPU
		{267C00C4-CF12-40DA-B214-614DF8E83166}.Release|x86.ActiveCfg = Release|Any CPU
		{267C00C4-CF12-40DA-B214-614DF8E83166}.Release|x86.Build.0 = Release|Any CPU
		{A2C58F4F-0E30-4C0A-A77F-ADBE3EE58D11}.Debug|arm64.ActiveCfg = Debug|Any CPU
		{A2C58F4F-0E30-4C0A-A77F-ADBE3EE58D11}.Debug|arm64.Build.0 = Debug|Any CPU
		{A2C58F4F-0E30-4C0A-A77F-ADBE3EE58D11}.Debug|Develop.ActiveCfg = Debug|Any CPU
		{A2C58F4F-0E30-4C0A-A77F-ADBE3EE58D11}.Debug|Develop.Build.0 = Debug|Any CPU
		{A2C58F4F-0E30-4C0A-A77F-ADBE3EE58D11}.Debug|x64.ActiveCfg = Debug|Any CPU
		{A2C58F4F-0E30-4C0A-A77F-ADBE3EE58D11}.Debug|x64.Build.0 = Debug|Any CPU
		{A2C58F4F-0E30-4C0A-A77F-ADBE3EE58D11}.Debug|x86.ActiveCfg = Debug|Any CPU
		{A2C58F4F-0E30-4C0A-A77F-ADBE3EE58D11}.Debug|x86.Build.0 = Debug|Any CPU
		{A2C58F4F-0E30-4C0A-A77F-ADBE3EE58D11}.Release|arm64.ActiveCfg = Release|Any CPU
		{A2C58F4F-0E30-4C0A-A77F-ADBE3EE58D11}.Release|arm64.Build.0 = Release|Any CPU
		{A2C58F4F-0E30-4C0A-A77F-ADBE3EE58D11}.Release|Develop.ActiveCfg = Release|Any CPU
		{A2C58F4F-0E30-4C0A-A77F-ADBE3EE58D11}.Release|Develop.Build.0 = Release|Any CPU
		{A2C58F4F-0E30-4C0A-A77F-ADBE3EE58D11}.Release|x64.ActiveCfg = Release|Any CPU
		{A2C58F4F-0E30-4C0A-A77F-ADBE3EE58D11}.Release|x64.Build.0 = Release|Any CPU
		{A2C58F4F-0E30-4C0A-A77F-ADBE3EE58D11}.Release|x86.ActiveCfg = Release|Any CPU
		{A2C58F4F-0E30-4C0A-A77F-ADBE3EE58D11}.Release|x86.Build.0 = Release|Any CPU
		{96EFCB7F-BB71-457A-9257-678C47411E02}.Debug|arm64.ActiveCfg = Debug|arm64
		{96EFCB7F-BB71-457A-9257-678C47411E02}.Debug|arm64.Build.0 = Debug|arm64
		{96EFCB7F-BB71-457A-9257-678C47411E02}.Debug|Develop.ActiveCfg = Debug|x64
		{96EFCB7F-BB71-457A-9257-678C47411E02}.Debug|Develop.Build.0 = Debug|x64
		{96EFCB7F-BB71-457A-9257-678C47411E02}.Debug|Develop.Deploy.0 = Debug|x64
		{96EFCB7F-BB71-457A-9257-678C47411E02}.Debug|x64.ActiveCfg = Debug|x64
		{96EFCB7F-BB71-457A-9257-678C47411E02}.Debug|x64.Build.0 = Debug|x64
		{96EFCB7F-BB71-457A-9257-678C47411E02}.Debug|x86.ActiveCfg = Debug|x86
		{96EFCB7F-BB71-457A-9257-678C47411E02}.Debug|x86.Build.0 = Debug|x86
		{96EFCB7F-BB71-457A-9257-678C47411E02}.Release|arm64.ActiveCfg = Release|arm64
		{96EFCB7F-BB71-457A-9257-678C47411E02}.Release|arm64.Build.0 = Release|arm64
		{96EFCB7F-BB71-457A-9257-678C47411E02}.Release|Develop.ActiveCfg = Release|x64
		{96EFCB7F-BB71-457A-9257-678C47411E02}.Release|Develop.Build.0 = Release|x64
		{96EFCB7F-BB71-457A-9257-678C47411E02}.Release|x64.ActiveCfg = Release|x64
		{96EFCB7F-BB71-457A-9257-678C47411E02}.Release|x64.Build.0 = Release|x64
		{96EFCB7F-BB71-457A-9257-678C47411E02}.Release|x86.ActiveCfg = Release|x86
		{96EFCB7F-BB71-457A-9257-678C47411E02}.Release|x86.Build.0 = Release|x86
		{E330025B-1827-4F45-B0E2-BA67794B882B}.Debug|arm64.ActiveCfg = Debug|Any CPU
		{E330025B-1827-4F45-B0E2-BA67794B882B}.Debug|arm64.Build.0 = Debug|Any CPU
		{E330025B-1827-4F45-B0E2-BA67794B882B}.Debug|Develop.ActiveCfg = Debug|Any CPU
		{E330025B-1827-4F45-B0E2-BA67794B882B}.Debug|Develop.Build.0 = Debug|Any CPU
		{E330025B-1827-4F45-B0E2-BA67794B882B}.Debug|x64.ActiveCfg = Debug|Any CPU
		{E330025B-1827-4F45-B0E2-BA67794B882B}.Debug|x64.Build.0 = Debug|Any CPU
		{E330025B-1827-4F45-B0E2-BA67794B882B}.Debug|x86.ActiveCfg = Debug|Any CPU
		{E330025B-1827-4F45-B0E2-BA67794B882B}.Debug|x86.Build.0 = Debug|Any CPU
		{E330025B-1827-4F45-B0E2-BA67794B882B}.Release|arm64.ActiveCfg = Release|Any CPU
		{E330025B-1827-4F45-B0E2-BA67794B882B}.Release|arm64.Build.0 = Release|Any CPU
		{E330025B-1827-4F45-B0E2-BA67794B882B}.Release|Develop.ActiveCfg = Release|Any CPU
		{E330025B-1827-4F45-B0E2-BA67794B882B}.Release|Develop.Build.0 = Release|Any CPU
		{E330025B-1827-4F45-B0E2-BA67794B882B}.Release|x64.ActiveCfg = Release|Any CPU
		{E330025B-1827-4F45-B0E2-BA67794B882B}.Release|x64.Build.0 = Release|Any CPU
		{E330025B-1827-4F45-B0E2-BA67794B882B}.Release|x86.ActiveCfg = Release|Any CPU
		{E330025B-1827-4F45-B0E2-BA67794B882B}.Release|x86.Build.0 = Release|Any CPU
		{926E0295-EA44-4C8C-88E1-FDE77AA1BCFC}.Debug|arm64.ActiveCfg = Debug|ARM64
		{926E0295-EA44-4C8C-88E1-FDE77AA1BCFC}.Debug|arm64.Build.0 = Debug|ARM64
		{926E0295-EA44-4C8C-88E1-FDE77AA1BCFC}.Debug|arm64.Deploy.0 = Debug|ARM64
		{926E0295-EA44-4C8C-88E1-FDE77AA1BCFC}.Debug|Develop.ActiveCfg = Debug|x64
		{926E0295-EA44-4C8C-88E1-FDE77AA1BCFC}.Debug|Develop.Build.0 = Debug|x64
		{926E0295-EA44-4C8C-88E1-FDE77AA1BCFC}.Debug|Develop.Deploy.0 = Debug|x64
		{926E0295-EA44-4C8C-88E1-FDE77AA1BCFC}.Debug|x64.ActiveCfg = Debug|x64
		{926E0295-EA44-4C8C-88E1-FDE77AA1BCFC}.Debug|x64.Build.0 = Debug|x64
		{926E0295-EA44-4C8C-88E1-FDE77AA1BCFC}.Debug|x64.Deploy.0 = Debug|x64
		{926E0295-EA44-4C8C-88E1-FDE77AA1BCFC}.Debug|x86.ActiveCfg = Debug|x86
		{926E0295-EA44-4C8C-88E1-FDE77AA1BCFC}.Debug|x86.Build.0 = Debug|x86
		{926E0295-EA44-4C8C-88E1-FDE77AA1BCFC}.Debug|x86.Deploy.0 = Debug|x86
		{926E0295-EA44-4C8C-88E1-FDE77AA1BCFC}.Release|arm64.ActiveCfg = Release|ARM64
		{926E0295-EA44-4C8C-88E1-FDE77AA1BCFC}.Release|arm64.Build.0 = Release|ARM64
		{926E0295-EA44-4C8C-88E1-FDE77AA1BCFC}.Release|arm64.Deploy.0 = Release|ARM64
		{926E0295-EA44-4C8C-88E1-FDE77AA1BCFC}.Release|Develop.ActiveCfg = Release|Any CPU
		{926E0295-EA44-4C8C-88E1-FDE77AA1BCFC}.Release|Develop.Build.0 = Release|Any CPU
		{926E0295-EA44-4C8C-88E1-FDE77AA1BCFC}.Release|Develop.Deploy.0 = Release|Any CPU
		{926E0295-EA44-4C8C-88E1-FDE77AA1BCFC}.Release|x64.ActiveCfg = Release|x64
		{926E0295-EA44-4C8C-88E1-FDE77AA1BCFC}.Release|x64.Build.0 = Release|x64
		{926E0295-EA44-4C8C-88E1-FDE77AA1BCFC}.Release|x64.Deploy.0 = Release|x64
		{926E0295-EA44-4C8C-88E1-FDE77AA1BCFC}.Release|x86.ActiveCfg = Release|x86
		{926E0295-EA44-4C8C-88E1-FDE77AA1BCFC}.Release|x86.Build.0 = Release|x86
		{926E0295-EA44-4C8C-88E1-FDE77AA1BCFC}.Release|x86.Deploy.0 = Release|x86
		{AB60FF86-B528-4DDD-8FB9-3B53A67C493B}.Debug|arm64.ActiveCfg = Debug|arm64
		{AB60FF86-B528-4DDD-8FB9-3B53A67C493B}.Debug|arm64.Build.0 = Debug|arm64
		{AB60FF86-B528-4DDD-8FB9-3B53A67C493B}.Debug|Develop.ActiveCfg = Debug|x64
		{AB60FF86-B528-4DDD-8FB9-3B53A67C493B}.Debug|Develop.Build.0 = Debug|x64
		{AB60FF86-B528-4DDD-8FB9-3B53A67C493B}.Debug|x64.ActiveCfg = Debug|x64
		{AB60FF86-B528-4DDD-8FB9-3B53A67C493B}.Debug|x64.Build.0 = Debug|x64
		{AB60FF86-B528-4DDD-8FB9-3B53A67C493B}.Debug|x86.ActiveCfg = Debug|x86
		{AB60FF86-B528-4DDD-8FB9-3B53A67C493B}.Debug|x86.Build.0 = Debug|x86
		{AB60FF86-B528-4DDD-8FB9-3B53A67C493B}.Release|arm64.ActiveCfg = Release|Any CPU
		{AB60FF86-B528-4DDD-8FB9-3B53A67C493B}.Release|arm64.Build.0 = Release|Any CPU
		{AB60FF86-B528-4DDD-8FB9-3B53A67C493B}.Release|Develop.ActiveCfg = Release|Any CPU
		{AB60FF86-B528-4DDD-8FB9-3B53A67C493B}.Release|Develop.Build.0 = Release|Any CPU
		{AB60FF86-B528-4DDD-8FB9-3B53A67C493B}.Release|x64.ActiveCfg = Release|Any CPU
		{AB60FF86-B528-4DDD-8FB9-3B53A67C493B}.Release|x64.Build.0 = Release|Any CPU
		{AB60FF86-B528-4DDD-8FB9-3B53A67C493B}.Release|x86.ActiveCfg = Release|Any CPU
		{AB60FF86-B528-4DDD-8FB9-3B53A67C493B}.Release|x86.Build.0 = Release|Any CPU
		{34274414-BF3A-42D0-8685-47269B56FEC9}.Debug|arm64.ActiveCfg = Debug|x86
		{34274414-BF3A-42D0-8685-47269B56FEC9}.Debug|arm64.Build.0 = Debug|x86
		{34274414-BF3A-42D0-8685-47269B56FEC9}.Debug|Develop.ActiveCfg = Debug|x64
		{34274414-BF3A-42D0-8685-47269B56FEC9}.Debug|Develop.Build.0 = Debug|x64
		{34274414-BF3A-42D0-8685-47269B56FEC9}.Debug|x64.ActiveCfg = Debug|x64
		{34274414-BF3A-42D0-8685-47269B56FEC9}.Debug|x64.Build.0 = Debug|x64
		{34274414-BF3A-42D0-8685-47269B56FEC9}.Debug|x86.ActiveCfg = Debug|x86
		{34274414-BF3A-42D0-8685-47269B56FEC9}.Debug|x86.Build.0 = Debug|x86
		{34274414-BF3A-42D0-8685-47269B56FEC9}.Release|arm64.ActiveCfg = Release|Any CPU
		{34274414-BF3A-42D0-8685-47269B56FEC9}.Release|arm64.Build.0 = Release|Any CPU
		{34274414-BF3A-42D0-8685-47269B56FEC9}.Release|Develop.ActiveCfg = Release|Any CPU
		{34274414-BF3A-42D0-8685-47269B56FEC9}.Release|Develop.Build.0 = Release|Any CPU
		{34274414-BF3A-42D0-8685-47269B56FEC9}.Release|x64.ActiveCfg = Release|Any CPU
		{34274414-BF3A-42D0-8685-47269B56FEC9}.Release|x64.Build.0 = Release|Any CPU
		{34274414-BF3A-42D0-8685-47269B56FEC9}.Release|x86.ActiveCfg = Release|Any CPU
		{34274414-BF3A-42D0-8685-47269B56FEC9}.Release|x86.Build.0 = Release|Any CPU
		{3D0A9258-5272-4AA5-AB15-59594B5AED56}.Debug|arm64.ActiveCfg = Debug|Any CPU
		{3D0A9258-5272-4AA5-AB15-59594B5AED56}.Debug|arm64.Build.0 = Debug|Any CPU
		{3D0A9258-5272-4AA5-AB15-59594B5AED56}.Debug|Develop.ActiveCfg = Debug|Any CPU
		{3D0A9258-5272-4AA5-AB15-59594B5AED56}.Debug|Develop.Build.0 = Debug|Any CPU
		{3D0A9258-5272-4AA5-AB15-59594B5AED56}.Debug|x64.ActiveCfg = Debug|Any CPU
		{3D0A9258-5272-4AA5-AB15-59594B5AED56}.Debug|x64.Build.0 = Debug|Any CPU
		{3D0A9258-5272-4AA5-AB15-59594B5AED56}.Debug|x86.ActiveCfg = Debug|Any CPU
		{3D0A9258-5272-4AA5-AB15-59594B5AED56}.Debug|x86.Build.0 = Debug|Any CPU
		{3D0A9258-5272-4AA5-AB15-59594B5AED56}.Release|arm64.ActiveCfg = Release|Any CPU
		{3D0A9258-5272-4AA5-AB15-59594B5AED56}.Release|arm64.Build.0 = Release|Any CPU
		{3D0A9258-5272-4AA5-AB15-59594B5AED56}.Release|Develop.ActiveCfg = Release|Any CPU
		{3D0A9258-5272-4AA5-AB15-59594B5AED56}.Release|Develop.Build.0 = Release|Any CPU
		{3D0A9258-5272-4AA5-AB15-59594B5AED56}.Release|x64.ActiveCfg = Release|Any CPU
		{3D0A9258-5272-4AA5-AB15-59594B5AED56}.Release|x64.Build.0 = Release|Any CPU
		{3D0A9258-5272-4AA5-AB15-59594B5AED56}.Release|x86.ActiveCfg = Release|Any CPU
		{3D0A9258-5272-4AA5-AB15-59594B5AED56}.Release|x86.Build.0 = Release|Any CPU
		{63879F8D-BD57-4828-864C-333042000214}.Debug|arm64.ActiveCfg = Debug|Any CPU
		{63879F8D-BD57-4828-864C-333042000214}.Debug|arm64.Build.0 = Debug|Any CPU
		{63879F8D-BD57-4828-864C-333042000214}.Debug|Develop.ActiveCfg = Debug|Any CPU
		{63879F8D-BD57-4828-864C-333042000214}.Debug|Develop.Build.0 = Debug|Any CPU
		{63879F8D-BD57-4828-864C-333042000214}.Debug|Develop.Deploy.0 = Debug|Any CPU
		{63879F8D-BD57-4828-864C-333042000214}.Debug|x64.ActiveCfg = Debug|Any CPU
		{63879F8D-BD57-4828-864C-333042000214}.Debug|x64.Build.0 = Debug|Any CPU
		{63879F8D-BD57-4828-864C-333042000214}.Debug|x86.ActiveCfg = Debug|Any CPU
		{63879F8D-BD57-4828-864C-333042000214}.Debug|x86.Build.0 = Debug|Any CPU
		{63879F8D-BD57-4828-864C-333042000214}.Release|arm64.ActiveCfg = Release|Any CPU
		{63879F8D-BD57-4828-864C-333042000214}.Release|arm64.Build.0 = Release|Any CPU
		{63879F8D-BD57-4828-864C-333042000214}.Release|Develop.ActiveCfg = Release|Any CPU
		{63879F8D-BD57-4828-864C-333042000214}.Release|Develop.Build.0 = Release|Any CPU
		{63879F8D-BD57-4828-864C-333042000214}.Release|Develop.Deploy.0 = Release|Any CPU
		{63879F8D-BD57-4828-864C-333042000214}.Release|x64.ActiveCfg = Release|Any CPU
		{63879F8D-BD57-4828-864C-333042000214}.Release|x64.Build.0 = Release|Any CPU
		{63879F8D-BD57-4828-864C-333042000214}.Release|x86.ActiveCfg = Release|Any CPU
		{63879F8D-BD57-4828-864C-333042000214}.Release|x86.Build.0 = Release|Any CPU
		{D79FE977-3C32-47D4-9432-DA0119FD871A}.Debug|arm64.ActiveCfg = Debug|Any CPU
		{D79FE977-3C32-47D4-9432-DA0119FD871A}.Debug|arm64.Build.0 = Debug|Any CPU
		{D79FE977-3C32-47D4-9432-DA0119FD871A}.Debug|Develop.ActiveCfg = Debug|Any CPU
		{D79FE977-3C32-47D4-9432-DA0119FD871A}.Debug|Develop.Build.0 = Debug|Any CPU
		{D79FE977-3C32-47D4-9432-DA0119FD871A}.Debug|x64.ActiveCfg = Debug|Any CPU
		{D79FE977-3C32-47D4-9432-DA0119FD871A}.Debug|x64.Build.0 = Debug|Any CPU
		{D79FE977-3C32-47D4-9432-DA0119FD871A}.Debug|x86.ActiveCfg = Debug|Any CPU
		{D79FE977-3C32-47D4-9432-DA0119FD871A}.Debug|x86.Build.0 = Debug|Any CPU
		{D79FE977-3C32-47D4-9432-DA0119FD871A}.Release|arm64.ActiveCfg = Release|Any CPU
		{D79FE977-3C32-47D4-9432-DA0119FD871A}.Release|arm64.Build.0 = Release|Any CPU
		{D79FE977-3C32-47D4-9432-DA0119FD871A}.Release|Develop.ActiveCfg = Release|Any CPU
		{D79FE977-3C32-47D4-9432-DA0119FD871A}.Release|Develop.Build.0 = Release|Any CPU
		{D79FE977-3C32-47D4-9432-DA0119FD871A}.Release|x64.ActiveCfg = Release|Any CPU
		{D79FE977-3C32-47D4-9432-DA0119FD871A}.Release|x64.Build.0 = Release|Any CPU
		{D79FE977-3C32-47D4-9432-DA0119FD871A}.Release|x86.ActiveCfg = Release|Any CPU
		{D79FE977-3C32-47D4-9432-DA0119FD871A}.Release|x86.Build.0 = Release|Any CPU
	EndGlobalSection
	GlobalSection(SolutionProperties) = preSolution
		HideSolutionNode = FALSE
	EndGlobalSection
	GlobalSection(NestedProjects) = preSolution
		{0760352A-6C2D-4F4D-8F9B-05E3FAA74F91} = {D1C1BB1C-3D10-4FBF-B57A-428B318846F4}
		{A9292F2B-50D9-4B58-8E5C-A3AA83FB4BED} = {8202DDB8-391D-4470-A64C-036F0BF2A61D}
		{48E19FF0-143D-42C3-8D89-E42EF7A9449D} = {8202DDB8-391D-4470-A64C-036F0BF2A61D}
		{139EBC02-4A35-435B-9AAD-69518BAFB973} = {C76F789C-444F-4597-BF4B-FF317551320C}
		{F38B4271-E04F-403A-B430-878ED7CE7971} = {C76F789C-444F-4597-BF4B-FF317551320C}
		{837CE45D-C7F2-4040-91D3-3E2EFAE577D6} = {D1C1BB1C-3D10-4FBF-B57A-428B318846F4}
		{CE579BE4-97E8-4540-9EBD-655E9E96DF57} = {D1C1BB1C-3D10-4FBF-B57A-428B318846F4}
		{0D3714C6-171C-403A-B586-8268FE3BDB39} = {D1C1BB1C-3D10-4FBF-B57A-428B318846F4}
		{EBB4109D-9F7D-4BAC-A8C5-0690ABD642BD} = {D1C1BB1C-3D10-4FBF-B57A-428B318846F4}
		{1EA4DFEC-979E-4209-9C9D-C138A1927FD9} = {D1C1BB1C-3D10-4FBF-B57A-428B318846F4}
		{BEC95233-65C7-4812-BA48-97CB40CF67D4} = {8202DDB8-391D-4470-A64C-036F0BF2A61D}
		{14EE0BA4-F980-4D48-B2D7-C57F6D058FBE} = {D1C1BB1C-3D10-4FBF-B57A-428B318846F4}
		{7DA3409F-7DD2-478D-A9D9-8257C952F543} = {48E19FF0-143D-42C3-8D89-E42EF7A9449D}
		{A79D484A-2355-4F29-95D9-B87629DADBC1} = {A9292F2B-50D9-4B58-8E5C-A3AA83FB4BED}
		{31951B1C-AE16-43F6-B6E6-DAC9B99EC8B2} = {A9292F2B-50D9-4B58-8E5C-A3AA83FB4BED}
		{4F920460-8A07-4211-8CF3-4756C84B7813} = {A9292F2B-50D9-4B58-8E5C-A3AA83FB4BED}
		{FCBEB7C1-09E7-4B2F-8B22-7957CA70AA82} = {48E19FF0-143D-42C3-8D89-E42EF7A9449D}
		{9A0FB189-B26A-429E-8409-9BCF0003B5FF} = {48E19FF0-143D-42C3-8D89-E42EF7A9449D}
		{B46D59A6-E8E1-4107-B539-B1BD8926BF08} = {BEC95233-65C7-4812-BA48-97CB40CF67D4}
		{5B3F9049-55CA-4798-A2FA-2DA9CBCB1E32} = {BEC95233-65C7-4812-BA48-97CB40CF67D4}
		{E30EFD0F-5527-4FFC-9A2A-0E7E97EE0087} = {BEC95233-65C7-4812-BA48-97CB40CF67D4}
		{E70A2247-DA0A-4B33-8C03-20FC66E2394D} = {BEC95233-65C7-4812-BA48-97CB40CF67D4}
		{CC1FE0BF-4914-41FE-8517-5C9592F2A418} = {8202DDB8-391D-4470-A64C-036F0BF2A61D}
		{267C00C4-CF12-40DA-B214-614DF8E83166} = {8202DDB8-391D-4470-A64C-036F0BF2A61D}
		{A2C58F4F-0E30-4C0A-A77F-ADBE3EE58D11} = {D1C1BB1C-3D10-4FBF-B57A-428B318846F4}
		{96EFCB7F-BB71-457A-9257-678C47411E02} = {A9292F2B-50D9-4B58-8E5C-A3AA83FB4BED}
		{E330025B-1827-4F45-B0E2-BA67794B882B} = {48E19FF0-143D-42C3-8D89-E42EF7A9449D}
		{926E0295-EA44-4C8C-88E1-FDE77AA1BCFC} = {A9292F2B-50D9-4B58-8E5C-A3AA83FB4BED}
		{AB60FF86-B528-4DDD-8FB9-3B53A67C493B} = {D1C1BB1C-3D10-4FBF-B57A-428B318846F4}
		{34274414-BF3A-42D0-8685-47269B56FEC9} = {D1C1BB1C-3D10-4FBF-B57A-428B318846F4}
		{3D0A9258-5272-4AA5-AB15-59594B5AED56} = {1D957369-5CE1-4CAB-85F9-5E9D0D51983C}
		{1D957369-5CE1-4CAB-85F9-5E9D0D51983C} = {D1C1BB1C-3D10-4FBF-B57A-428B318846F4}
		{63879F8D-BD57-4828-864C-333042000214} = {D1C1BB1C-3D10-4FBF-B57A-428B318846F4}
		{D79FE977-3C32-47D4-9432-DA0119FD871A} = {CC1FE0BF-4914-41FE-8517-5C9592F2A418}
		{2D4A33FD-E113-4179-B301-C9C383F1F17A} = {61E2C9EB-E11B-44AB-8E83-89559C586D2E}
	EndGlobalSection
	GlobalSection(ExtensibilityGlobals) = postSolution
		SolutionGuid = {06CF3158-9818-42C2-90FC-E484CBB76042}
	EndGlobalSection
EndGlobal
